
Microsoft Visual Studio Solution File, Format Version 12.00
# Visual Studio Version 17
VisualStudioVersion = 17.1.32421.90
MinimumVisualStudioVersion = 10.0.40219.1
Project("{9A19103F-16F7-4668-BE54-9A1E7A4F7556}") = "TP1ORM.Presentation", "TP1ORM\TP1ORM.Presentation.csproj", "{672CC1F5-4A4A-4CB1-A8A2-C9D0EDB2DDE8}"
	ProjectSection(ProjectDependencies) = postProject
		{D4FFA8A6-8407-49E1-A1CD-AB9E77C51AAF} = {D4FFA8A6-8407-49E1-A1CD-AB9E77C51AAF}
	EndProjectSection
EndProject
Project("{9A19103F-16F7-4668-BE54-9A1E7A4F7556}") = "TP1ORM.Domain", "TP1ORM.Domain\TP1ORM.Domain.csproj", "{216E4F7A-6773-42BC-890B-6FA02FCCD9DD}"
EndProject
Project("{9A19103F-16F7-4668-BE54-9A1E7A4F7556}") = "TP1ORM.AccessData", "TP1ORM.AccessData\TP1ORM.AccessData.csproj", "{D4FFA8A6-8407-49E1-A1CD-AB9E77C51AAF}"
EndProject
Project("{9A19103F-16F7-4668-BE54-9A1E7A4F7556}") = "TP1ORM.Application", "TP1ORM.Application\TP1ORM.Application.csproj", "{91699C98-9743-4443-A124-6016993694AB}"
EndProject
Global
	GlobalSection(SolutionConfigurationPlatforms) = preSolution
		Debug|Any CPU = Debug|Any CPU
		Release|Any CPU = Release|Any CPU
	EndGlobalSection
	GlobalSection(ProjectConfigurationPlatforms) = postSolution
		{672CC1F5-4A4A-4CB1-A8A2-C9D0EDB2DDE8}.Debug|Any CPU.ActiveCfg = Debug|Any CPU
		{672CC1F5-4A4A-4CB1-A8A2-C9D0EDB2DDE8}.Debug|Any CPU.Build.0 = Debug|Any CPU
		{672CC1F5-4A4A-4CB1-A8A2-C9D0EDB2DDE8}.Release|Any CPU.ActiveCfg = Release|Any CPU
		{672CC1F5-4A4A-4CB1-A8A2-C9D0EDB2DDE8}.Release|Any CPU.Build.0 = Release|Any CPU
		{216E4F7A-6773-42BC-890B-6FA02FCCD9DD}.Debug|Any CPU.ActiveCfg = Debug|Any CPU
		{216E4F7A-6773-42BC-890B-6FA02FCCD9DD}.Debug|Any CPU.Build.0 = Debug|Any CPU
		{216E4F7A-6773-42BC-890B-6FA02FCCD9DD}.Release|Any CPU.ActiveCfg = Release|Any CPU
		{216E4F7A-6773-42BC-890B-6FA02FCCD9DD}.Release|Any CPU.Build.0 = Release|Any CPU
		{D4FFA8A6-8407-49E1-A1CD-AB9E77C51AAF}.Debug|Any CPU.ActiveCfg = Debug|Any CPU
		{D4FFA8A6-8407-49E1-A1CD-AB9E77C51AAF}.Debug|Any CPU.Build.0 = Debug|Any CPU
		{D4FFA8A6-8407-49E1-A1CD-AB9E77C51AAF}.Release|Any CPU.ActiveCfg = Release|Any CPU
		{D4FFA8A6-8407-49E1-A1CD-AB9E77C51AAF}.Release|Any CPU.Build.0 = Release|Any CPU
		{91699C98-9743-4443-A124-6016993694AB}.Debug|Any CPU.ActiveCfg = Debug|Any CPU
		{91699C98-9743-4443-A124-6016993694AB}.Debug|Any CPU.Build.0 = Debug|Any CPU
		{91699C98-9743-4443-A124-6016993694AB}.Release|Any CPU.ActiveCfg = Release|Any CPU
		{91699C98-9743-4443-A124-6016993694AB}.Release|Any CPU.Build.0 = Release|Any CPU
	EndGlobalSection
	GlobalSection(SolutionProperties) = preSolution
		HideSolutionNode = FALSE
	EndGlobalSection
	GlobalSection(ExtensibilityGlobals) = postSolution
		SolutionGuid = {958A02E6-AA26-4929-B692-30D75FE772ED}
	EndGlobalSection
EndGlobal
